
Microsoft Visual Studio Solution File, Format Version 12.00
# Visual Studio 2012
Project("{FAE04EC0-301F-11D3-BF4B-00C04F79EFBC}") = "ObserverPattern", "ObserverPattern\ObserverPattern.csproj", "{ADA4F24E-F936-4138-B19F-D3FA7CA6D988}"
EndProject
Project("{FAE04EC0-301F-11D3-BF4B-00C04F79EFBC}") = "StrategyPattern", "StrategyPattern\StrategyPattern.csproj", "{5C90D757-17F0-42FE-8488-DFB1354A314F}"
EndProject
Project("{FAE04EC0-301F-11D3-BF4B-00C04F79EFBC}") = "ObserverPatterHomework", "ObserverPatterHomework\ObserverPatterHomework.csproj", "{C1702251-7D5F-40D1-A9F2-4042BBEAF364}"
EndProject
Global
	GlobalSection(SolutionConfigurationPlatforms) = preSolution
		Debug|Any CPU = Debug|Any CPU
		Release|Any CPU = Release|Any CPU
	EndGlobalSection
	GlobalSection(ProjectConfigurationPlatforms) = postSolution
		{ADA4F24E-F936-4138-B19F-D3FA7CA6D988}.Debug|Any CPU.ActiveCfg = Debug|Any CPU
		{ADA4F24E-F936-4138-B19F-D3FA7CA6D988}.Debug|Any CPU.Build.0 = Debug|Any CPU
		{ADA4F24E-F936-4138-B19F-D3FA7CA6D988}.Release|Any CPU.ActiveCfg = Release|Any CPU
		{ADA4F24E-F936-4138-B19F-D3FA7CA6D988}.Release|Any CPU.Build.0 = Release|Any CPU
		{5C90D757-17F0-42FE-8488-DFB1354A314F}.Debug|Any CPU.ActiveCfg = Debug|Any CPU
		{5C90D757-17F0-42FE-8488-DFB1354A314F}.Debug|Any CPU.Build.0 = Debug|Any CPU
		{5C90D757-17F0-42FE-8488-DFB1354A314F}.Release|Any CPU.ActiveCfg = Release|Any CPU
		{5C90D757-17F0-42FE-8488-DFB1354A314F}.Release|Any CPU.Build.0 = Release|Any CPU
		{C1702251-7D5F-40D1-A9F2-4042BBEAF364}.Debug|Any CPU.ActiveCfg = Debug|Any CPU
		{C1702251-7D5F-40D1-A9F2-4042BBEAF364}.Debug|Any CPU.Build.0 = Debug|Any CPU
		{C1702251-7D5F-40D1-A9F2-4042BBEAF364}.Release|Any CPU.ActiveCfg = Release|Any CPU
		{C1702251-7D5F-40D1-A9F2-4042BBEAF364}.Release|Any CPU.Build.0 = Release|Any CPU
	EndGlobalSection
	GlobalSection(SolutionProperties) = preSolution
		HideSolutionNode = FALSE
	EndGlobalSection
EndGlobal
